// !$*UTF8*$!
{
	archiveVersion = 1;
	classes = {
	};
	objectVersion = 56;
	objects = {

/* Begin PBXBuildFile section */
		9A9342AF2967C808009EEE9C /* CoreDataProjectApp.swift in Sources */ = {isa = PBXBuildFile; fileRef = 9A9342AE2967C808009EEE9C /* CoreDataProjectApp.swift */; };
		9A9342B12967C808009EEE9C /* ContentView.swift in Sources */ = {isa = PBXBuildFile; fileRef = 9A9342B02967C808009EEE9C /* ContentView.swift */; };
		9A9342B32967C80A009EEE9C /* Assets.xcassets in Resources */ = {isa = PBXBuildFile; fileRef = 9A9342B22967C80A009EEE9C /* Assets.xcassets */; };
		9A9342B62967C80A009EEE9C /* Preview Assets.xcassets in Resources */ = {isa = PBXBuildFile; fileRef = 9A9342B52967C80A009EEE9C /* Preview Assets.xcassets */; };
		9A9342BF2967C83A009EEE9C /* CoreDataProject.xcdatamodeld in Sources */ = {isa = PBXBuildFile; fileRef = 9A9342BD2967C83A009EEE9C /* CoreDataProject.xcdatamodeld */; };
		9A9342C12967C84C009EEE9C /* CoreDataConroller.swift in Sources */ = {isa = PBXBuildFile; fileRef = 9A9342C02967C84C009EEE9C /* CoreDataConroller.swift */; };
		9A9342C42967CBFF009EEE9C /* Movie+CoreDataClass.swift in Sources */ = {isa = PBXBuildFile; fileRef = 9A9342C22967CBFF009EEE9C /* Movie+CoreDataClass.swift */; };
		9A9342C52967CBFF009EEE9C /* Movie+CoreDataProperties.swift in Sources */ = {isa = PBXBuildFile; fileRef = 9A9342C32967CBFF009EEE9C /* Movie+CoreDataProperties.swift */; };
		9A9342CF2967D37D009EEE9C /* MakeUniqWizards.swift in Sources */ = {isa = PBXBuildFile; fileRef = 9A9342CE2967D37D009EEE9C /* MakeUniqWizards.swift */; };
		9A9342D12967E715009EEE9C /* FilteredList.swift in Sources */ = {isa = PBXBuildFile; fileRef = 9A9342D02967E715009EEE9C /* FilteredList.swift */; };
/* End PBXBuildFile section */

/* Begin PBXFileReference section */
		9A9342AB2967C808009EEE9C /* CoreDataProject.app */ = {isa = PBXFileReference; explicitFileType = wrapper.application; includeInIndex = 0; path = CoreDataProject.app; sourceTree = BUILT_PRODUCTS_DIR; };
		9A9342AE2967C808009EEE9C /* CoreDataProjectApp.swift */ = {isa = PBXFileReference; lastKnownFileType = sourcecode.swift; path = CoreDataProjectApp.swift; sourceTree = "<group>"; };
		9A9342B02967C808009EEE9C /* ContentView.swift */ = {isa = PBXFileReference; lastKnownFileType = sourcecode.swift; path = ContentView.swift; sourceTree = "<group>"; };
		9A9342B22967C80A009EEE9C /* Assets.xcassets */ = {isa = PBXFileReference; lastKnownFileType = folder.assetcatalog; path = Assets.xcassets; sourceTree = "<group>"; };
		9A9342B52967C80A009EEE9C /* Preview Assets.xcassets */ = {isa = PBXFileReference; lastKnownFileType = folder.assetcatalog; path = "Preview Assets.xcassets"; sourceTree = "<group>"; };
		9A9342BE2967C83A009EEE9C /* CoreDataProject.xcdatamodel */ = {isa = PBXFileReference; lastKnownFileType = wrapper.xcdatamodel; path = CoreDataProject.xcdatamodel; sourceTree = "<group>"; };
		9A9342C02967C84C009EEE9C /* CoreDataConroller.swift */ = {isa = PBXFileReference; lastKnownFileType = sourcecode.swift; path = CoreDataConroller.swift; sourceTree = "<group>"; };
		9A9342C22967CBFF009EEE9C /* Movie+CoreDataClass.swift */ = {isa = PBXFileReference; lastKnownFileType = sourcecode.swift; path = "Movie+CoreDataClass.swift"; sourceTree = "<group>"; };
		9A9342C32967CBFF009EEE9C /* Movie+CoreDataProperties.swift */ = {isa = PBXFileReference; lastKnownFileType = sourcecode.swift; path = "Movie+CoreDataProperties.swift"; sourceTree = "<group>"; };
		9A9342CE2967D37D009EEE9C /* MakeUniqWizards.swift */ = {isa = PBXFileReference; lastKnownFileType = sourcecode.swift; path = MakeUniqWizards.swift; sourceTree = "<group>"; };
		9A9342D02967E715009EEE9C /* FilteredList.swift */ = {isa = PBXFileReference; lastKnownFileType = sourcecode.swift; path = FilteredList.swift; sourceTree = "<group>"; };
/* End PBXFileReference section */

/* Begin PBXFrameworksBuildPhase section */
		9A9342A82967C808009EEE9C /* Frameworks */ = {
			isa = PBXFrameworksBuildPhase;
			buildActionMask = 2147483647;
			files = (
			);
			runOnlyForDeploymentPostprocessing = 0;
		};
/* End PBXFrameworksBuildPhase section */

/* Begin PBXGroup section */
		9A9342A22967C808009EEE9C = {
			isa = PBXGroup;
			children = (
				9A9342AD2967C808009EEE9C /* CoreDataProject */,
				9A9342AC2967C808009EEE9C /* Products */,
			);
			sourceTree = "<group>";
		};
		9A9342AC2967C808009EEE9C /* Products */ = {
			isa = PBXGroup;
			children = (
				9A9342AB2967C808009EEE9C /* CoreDataProject.app */,
			);
			name = Products;
			sourceTree = "<group>";
		};
		9A9342AD2967C808009EEE9C /* CoreDataProject */ = {
			isa = PBXGroup;
			children = (
				9A9342CD2967D368009EEE9C /* lessons */,
				9A9342C62967CC22009EEE9C /* Models */,
				9A9342BC2967C827009EEE9C /* CoreData */,
				9A9342AE2967C808009EEE9C /* CoreDataProjectApp.swift */,
				9A9342B02967C808009EEE9C /* ContentView.swift */,
				9A9342B22967C80A009EEE9C /* Assets.xcassets */,
				9A9342B42967C80A009EEE9C /* Preview Content */,
				9A9342D02967E715009EEE9C /* FilteredList.swift */,
			);
			path = CoreDataProject;
			sourceTree = "<group>";
		};
		9A9342B42967C80A009EEE9C /* Preview Content */ = {
			isa = PBXGroup;
			children = (
				9A9342B52967C80A009EEE9C /* Preview Assets.xcassets */,
			);
			path = "Preview Content";
			sourceTree = "<group>";
		};
		9A9342BC2967C827009EEE9C /* CoreData */ = {
			isa = PBXGroup;
			children = (
				9A9342BD2967C83A009EEE9C /* CoreDataProject.xcdatamodeld */,
				9A9342C02967C84C009EEE9C /* CoreDataConroller.swift */,
			);
			path = CoreData;
			sourceTree = "<group>";
		};
		9A9342C62967CC22009EEE9C /* Models */ = {
			isa = PBXGroup;
			children = (
				9A9342C82967CEDD009EEE9C /* Wizard */,
				9A9342C72967CC28009EEE9C /* Movie */,
			);
			path = Models;
			sourceTree = "<group>";
		};
		9A9342C72967CC28009EEE9C /* Movie */ = {
			isa = PBXGroup;
			children = (
				9A9342C22967CBFF009EEE9C /* Movie+CoreDataClass.swift */,
				9A9342C32967CBFF009EEE9C /* Movie+CoreDataProperties.swift */,
			);
			path = Movie;
			sourceTree = "<group>";
		};
		9A9342C82967CEDD009EEE9C /* Wizard */ = {
			isa = PBXGroup;
			children = (
			);
			path = Wizard;
			sourceTree = "<group>";
		};
		9A9342CD2967D368009EEE9C /* lessons */ = {
			isa = PBXGroup;
			children = (
				9A9342CE2967D37D009EEE9C /* MakeUniqWizards.swift */,
			);
			path = lessons;
			sourceTree = "<group>";
		};
/* End PBXGroup section */

/* Begin PBXNativeTarget section */
		9A9342AA2967C808009EEE9C /* CoreDataProject */ = {
			isa = PBXNativeTarget;
			buildConfigurationList = 9A9342B92967C80A009EEE9C /* Build configuration list for PBXNativeTarget "CoreDataProject" */;
			buildPhases = (
				9A9342A72967C808009EEE9C /* Sources */,
				9A9342A82967C808009EEE9C /* Frameworks */,
				9A9342A92967C808009EEE9C /* Resources */,
			);
			buildRules = (
			);
			dependencies = (
			);
			name = CoreDataProject;
			productName = CoreDataProject;
			productReference = 9A9342AB2967C808009EEE9C /* CoreDataProject.app */;
			productType = "com.apple.product-type.application";
		};
/* End PBXNativeTarget section */

/* Begin PBXProject section */
		9A9342A32967C808009EEE9C /* Project object */ = {
			isa = PBXProject;
			attributes = {
				BuildIndependentTargetsInParallel = 1;
				LastSwiftUpdateCheck = 1420;
				LastUpgradeCheck = 1420;
				TargetAttributes = {
					9A9342AA2967C808009EEE9C = {
						CreatedOnToolsVersion = 14.2;
					};
				};
			};
			buildConfigurationList = 9A9342A62967C808009EEE9C /* Build configuration list for PBXProject "CoreDataProject" */;
			compatibilityVersion = "Xcode 14.0";
			developmentRegion = en;
			hasScannedForEncodings = 0;
			knownRegions = (
				en,
				Base,
			);
			mainGroup = 9A9342A22967C808009EEE9C;
			productRefGroup = 9A9342AC2967C808009EEE9C /* Products */;
			projectDirPath = "";
			projectRoot = "";
			targets = (
				9A9342AA2967C808009EEE9C /* CoreDataProject */,
			);
		};
/* End PBXProject section */

/* Begin PBXResourcesBuildPhase section */
		9A9342A92967C808009EEE9C /* Resources */ = {
			isa = PBXResourcesBuildPhase;
			buildActionMask = 2147483647;
			files = (
				9A9342B62967C80A009EEE9C /* Preview Assets.xcassets in Resources */,
				9A9342B32967C80A009EEE9C /* Assets.xcassets in Resources */,
			);
			runOnlyForDeploymentPostprocessing = 0;
		};
/* End PBXResourcesBuildPhase section */

/* Begin PBXSourcesBuildPhase section */
		9A9342A72967C808009EEE9C /* Sources */ = {
			isa = PBXSourcesBuildPhase;
			buildActionMask = 2147483647;
			files = (
				9A9342D12967E715009EEE9C /* FilteredList.swift in Sources */,
				9A9342B12967C808009EEE9C /* ContentView.swift in Sources */,
				9A9342CF2967D37D009EEE9C /* MakeUniqWizards.swift in Sources */,
				9A9342C12967C84C009EEE9C /* CoreDataConroller.swift in Sources */,
				9A9342AF2967C808009EEE9C /* CoreDataProjectApp.swift in Sources */,
				9A9342C42967CBFF009EEE9C /* Movie+CoreDataClass.swift in Sources */,
				9A9342C52967CBFF009EEE9C /* Movie+CoreDataProperties.swift in Sources */,
				9A9342BF2967C83A009EEE9C /* CoreDataProject.xcdatamodeld in Sources */,
			);
			runOnlyForDeploymentPostprocessing = 0;
		};
/* End PBXSourcesBuildPhase section */

/* Begin XCBuildConfiguration section */
		9A9342B72967C80A009EEE9C /* Debug */ = {
			isa = XCBuildConfiguration;
			buildSettings = {
				ALWAYS_SEARCH_USER_PATHS = NO;
				CLANG_ANALYZER_NONNULL = YES;
				CLANG_ANALYZER_NUMBER_OBJECT_CONVERSION = YES_AGGRESSIVE;
				CLANG_CXX_LANGUAGE_STANDARD = "gnu++20";
				CLANG_ENABLE_MODULES = YES;
				CLANG_ENABLE_OBJC_ARC = YES;
				CLANG_ENABLE_OBJC_WEAK = YES;
				CLANG_WARN_BLOCK_CAPTURE_AUTORELEASING = YES;
				CLANG_WARN_BOOL_CONVERSION = YES;
				CLANG_WARN_COMMA = YES;
				CLANG_WARN_CONSTANT_CONVERSION = YES;
				CLANG_WARN_DEPRECATED_OBJC_IMPLEMENTATIONS = YES;
				CLANG_WARN_DIRECT_OBJC_ISA_USAGE = YES_ERROR;
				CLANG_WARN_DOCUMENTATION_COMMENTS = YES;
				CLANG_WARN_EMPTY_BODY = YES;
				CLANG_WARN_ENUM_CONVERSION = YES;
				CLANG_WARN_INFINITE_RECURSION = YES;
				CLANG_WARN_INT_CONVERSION = YES;
				CLANG_WARN_NON_LITERAL_NULL_CONVERSION = YES;
				CLANG_WARN_OBJC_IMPLICIT_RETAIN_SELF = YES;
				CLANG_WARN_OBJC_LITERAL_CONVERSION = YES;
				CLANG_WARN_OBJC_ROOT_CLASS = YES_ERROR;
				CLANG_WARN_QUOTED_INCLUDE_IN_FRAMEWORK_HEADER = YES;
				CLANG_WARN_RANGE_LOOP_ANALYSIS = YES;
				CLANG_WARN_STRICT_PROTOTYPES = YES;
				CLANG_WARN_SUSPICIOUS_MOVE = YES;
				CLANG_WARN_UNGUARDED_AVAILABILITY = YES_AGGRESSIVE;
				CLANG_WARN_UNREACHABLE_CODE = YES;
				CLANG_WARN__DUPLICATE_METHOD_MATCH = YES;
				COPY_PHASE_STRIP = NO;
				DEBUG_INFORMATION_FORMAT = dwarf;
				ENABLE_STRICT_OBJC_MSGSEND = YES;
				ENABLE_TESTABILITY = YES;
				GCC_C_LANGUAGE_STANDARD = gnu11;
				GCC_DYNAMIC_NO_PIC = NO;
				GCC_NO_COMMON_BLOCKS = YES;
				GCC_OPTIMIZATION_LEVEL = 0;
				GCC_PREPROCESSOR_DEFINITIONS = (
					"DEBUG=1",
					"$(inherited)",
				);
				GCC_WARN_64_TO_32_BIT_CONVERSION = YES;
				GCC_WARN_ABOUT_RETURN_TYPE = YES_ERROR;
				GCC_WARN_UNDECLARED_SELECTOR = YES;
				GCC_WARN_UNINITIALIZED_AUTOS = YES_AGGRESSIVE;
				GCC_WARN_UNUSED_FUNCTION = YES;
				GCC_WARN_UNUSED_VARIABLE = YES;
				IPHONEOS_DEPLOYMENT_TARGET = 16.2;
				MTL_ENABLE_DEBUG_INFO = INCLUDE_SOURCE;
				MTL_FAST_MATH = YES;
				ONLY_ACTIVE_ARCH = YES;
				SDKROOT = iphoneos;
				SWIFT_ACTIVE_COMPILATION_CONDITIONS = DEBUG;
				SWIFT_OPTIMIZATION_LEVEL = "-Onone";
			};
			name = Debug;
		};
		9A9342B82967C80A009EEE9C /* Release */ = {
			isa = XCBuildConfiguration;
			buildSettings = {
				ALWAYS_SEARCH_USER_PATHS = NO;
				CLANG_ANALYZER_NONNULL = YES;
				CLANG_ANALYZER_NUMBER_OBJECT_CONVERSION = YES_AGGRESSIVE;
				CLANG_CXX_LANGUAGE_STANDARD = "gnu++20";
				CLANG_ENABLE_MODULES = YES;
				CLANG_ENABLE_OBJC_ARC = YES;
				CLANG_ENABLE_OBJC_WEAK = YES;
				CLANG_WARN_BLOCK_CAPTURE_AUTORELEASING = YES;
				CLANG_WARN_BOOL_CONVERSION = YES;
				CLANG_WARN_COMMA = YES;
				CLANG_WARN_CONSTANT_CONVERSION = YES;
				CLANG_WARN_DEPRECATED_OBJC_IMPLEMENTATIONS = YES;
				CLANG_WARN_DIRECT_OBJC_ISA_USAGE = YES_ERROR;
				CLANG_WARN_DOCUMENTATION_COMMENTS = YES;
				CLANG_WARN_EMPTY_BODY = YES;
				CLANG_WARN_ENUM_CONVERSION = YES;
				CLANG_WARN_INFINITE_RECURSION = YES;
				CLANG_WARN_INT_CONVERSION = YES;
				CLANG_WARN_NON_LITERAL_NULL_CONVERSION = YES;
				CLANG_WARN_OBJC_IMPLICIT_RETAIN_SELF = YES;
				CLANG_WARN_OBJC_LITERAL_CONVERSION = YES;
				CLANG_WARN_OBJC_ROOT_CLASS = YES_ERROR;
				CLANG_WARN_QUOTED_INCLUDE_IN_FRAMEWORK_HEADER = YES;
				CLANG_WARN_RANGE_LOOP_ANALYSIS = YES;
				CLANG_WARN_STRICT_PROTOTYPES = YES;
				CLANG_WARN_SUSPICIOUS_MOVE = YES;
				CLANG_WARN_UNGUARDED_AVAILABILITY = YES_AGGRESSIVE;
				CLANG_WARN_UNREACHABLE_CODE = YES;
				CLANG_WARN__DUPLICATE_METHOD_MATCH = YES;
				COPY_PHASE_STRIP = NO;
				DEBUG_INFORMATION_FORMAT = "dwarf-with-dsym";
				ENABLE_NS_ASSERTIONS = NO;
				ENABLE_STRICT_OBJC_MSGSEND = YES;
				GCC_C_LANGUAGE_STANDARD = gnu11;
				GCC_NO_COMMON_BLOCKS = YES;
				GCC_WARN_64_TO_32_BIT_CONVERSION = YES;
				GCC_WARN_ABOUT_RETURN_TYPE = YES_ERROR;
				GCC_WARN_UNDECLARED_SELECTOR = YES;
				GCC_WARN_UNINITIALIZED_AUTOS = YES_AGGRESSIVE;
				GCC_WARN_UNUSED_FUNCTION = YES;
				GCC_WARN_UNUSED_VARIABLE = YES;
				IPHONEOS_DEPLOYMENT_TARGET = 16.2;
				MTL_ENABLE_DEBUG_INFO = NO;
				MTL_FAST_MATH = YES;
				SDKROOT = iphoneos;
				SWIFT_COMPILATION_MODE = wholemodule;
				SWIFT_OPTIMIZATION_LEVEL = "-O";
				VALIDATE_PRODUCT = YES;
			};
			name = Release;
		};
		9A9342BA2967C80A009EEE9C /* Debug */ = {
			isa = XCBuildConfiguration;
			buildSettings = {
				ASSETCATALOG_COMPILER_APPICON_NAME = AppIcon;
				ASSETCATALOG_COMPILER_GLOBAL_ACCENT_COLOR_NAME = AccentColor;
				CODE_SIGN_STYLE = Automatic;
				CURRENT_PROJECT_VERSION = 1;
				DEVELOPMENT_ASSET_PATHS = "\"CoreDataProject/Preview Content\"";
				DEVELOPMENT_TEAM = YPFNCC4WXQ;
				ENABLE_PREVIEWS = YES;
				GENERATE_INFOPLIST_FILE = YES;
				INFOPLIST_KEY_UIApplicationSceneManifest_Generation = YES;
				INFOPLIST_KEY_UIApplicationSupportsIndirectInputEvents = YES;
				INFOPLIST_KEY_UILaunchScreen_Generation = YES;
				INFOPLIST_KEY_UISupportedInterfaceOrientations_iPad = "UIInterfaceOrientationPortrait UIInterfaceOrientationPortraitUpsideDown UIInterfaceOrientationLandscapeLeft UIInterfaceOrientationLandscapeRight";
				INFOPLIST_KEY_UISupportedInterfaceOrientations_iPhone = "UIInterfaceOrientationPortrait UIInterfaceOrientationLandscapeLeft UIInterfaceOrientationLandscapeRight";
				IPHONEOS_DEPLOYMENT_TARGET = 16.0;
				LD_RUNPATH_SEARCH_PATHS = (
					"$(inherited)",
					"@executable_path/Frameworks",
				);
				MARKETING_VERSION = 1.0;
				PRODUCT_BUNDLE_IDENTIFIER = akonoplev.com.CoreDataProject;
				PRODUCT_NAME = "$(TARGET_NAME)";
				SWIFT_EMIT_LOC_STRINGS = YES;
				SWIFT_VERSION = 5.0;
				TARGETED_DEVICE_FAMILY = "1,2";
			};
			name = Debug;
		};
		9A9342BB2967C80A009EEE9C /* Release */ = {
			isa = XCBuildConfiguration;
			buildSettings = {
				ASSETCATALOG_COMPILER_APPICON_NAME = AppIcon;
				ASSETCATALOG_COMPILER_GLOBAL_ACCENT_COLOR_NAME = AccentColor;
				CODE_SIGN_STYLE = Automatic;
				CURRENT_PROJECT_VERSION = 1;
				DEVELOPMENT_ASSET_PATHS = "\"CoreDataProject/Preview Content\"";
				DEVELOPMENT_TEAM = YPFNCC4WXQ;
				ENABLE_PREVIEWS = YES;
				GENERATE_INFOPLIST_FILE = YES;
				INFOPLIST_KEY_UIApplicationSceneManifest_Generation = YES;
				INFOPLIST_KEY_UIApplicationSupportsIndirectInputEvents = YES;
				INFOPLIST_KEY_UILaunchScreen_Generation = YES;
				INFOPLIST_KEY_UISupportedInterfaceOrientations_iPad = "UIInterfaceOrientationPortrait UIInterfaceOrientationPortraitUpsideDown UIInterfaceOrientationLandscapeLeft UIInterfaceOrientationLandscapeRight";
				INFOPLIST_KEY_UISupportedInterfaceOrientations_iPhone = "UIInterfaceOrientationPortrait UIInterfaceOrientationLandscapeLeft UIInterfaceOrientationLandscapeRight";
				IPHONEOS_DEPLOYMENT_TARGET = 16.0;
				LD_RUNPATH_SEARCH_PATHS = (
					"$(inherited)",
					"@executable_path/Frameworks",
				);
				MARKETING_VERSION = 1.0;
				PRODUCT_BUNDLE_IDENTIFIER = akonoplev.com.CoreDataProject;
				PRODUCT_NAME = "$(TARGET_NAME)";
				SWIFT_EMIT_LOC_STRINGS = YES;
				SWIFT_VERSION = 5.0;
				TARGETED_DEVICE_FAMILY = "1,2";
			};
			name = Release;
		};
/* End XCBuildConfiguration section */

/* Begin XCConfigurationList section */
		9A9342A62967C808009EEE9C /* Build configuration list for PBXProject "CoreDataProject" */ = {
			isa = XCConfigurationList;
			buildConfigurations = (
				9A9342B72967C80A009EEE9C /* Debug */,
				9A9342B82967C80A009EEE9C /* Release */,
			);
			defaultConfigurationIsVisible = 0;
			defaultConfigurationName = Release;
		};
		9A9342B92967C80A009EEE9C /* Build configuration list for PBXNativeTarget "CoreDataProject" */ = {
			isa = XCConfigurationList;
			buildConfigurations = (
				9A9342BA2967C80A009EEE9C /* Debug */,
				9A9342BB2967C80A009EEE9C /* Release */,
			);
			defaultConfigurationIsVisible = 0;
			defaultConfigurationName = Release;
		};
/* End XCConfigurationList section */

/* Begin XCVersionGroup section */
		9A9342BD2967C83A009EEE9C /* CoreDataProject.xcdatamodeld */ = {
			isa = XCVersionGroup;
			children = (
				9A9342BE2967C83A009EEE9C /* CoreDataProject.xcdatamodel */,
			);
			currentVersion = 9A9342BE2967C83A009EEE9C /* CoreDataProject.xcdatamodel */;
			path = CoreDataProject.xcdatamodeld;
			sourceTree = "<group>";
			versionGroupType = wrapper.xcdatamodel;
		};
/* End XCVersionGroup section */
	};
	rootObject = 9A9342A32967C808009EEE9C /* Project object */;
}
